
Microsoft Visual Studio Solution File, Format Version 11.00
# Visual Studio 2010
Project("{FAE04EC0-301F-11D3-BF4B-00C04F79EFBC}") = "NetCMS", "NetCMS\NetCMS.csproj", "{459A7BB3-E4B3-4689-AA38-34C16E159BAE}"
EndProject
Project("{2150E333-8FDC-42A3-9474-1A3956D46DE8}") = ".nuget", ".nuget", "{118FFA01-5307-4AF4-9C88-0A91C44D4971}"
	ProjectSection(SolutionItems) = preProject
		.nuget\NuGet.Config = .nuget\NuGet.Config
		.nuget\NuGet.exe = .nuget\NuGet.exe
		.nuget\NuGet.targets = .nuget\NuGet.targets
	EndProjectSection
EndProject
Project("{2150E333-8FDC-42A3-9474-1A3956D46DE8}") = "build", "build", "{B68B00D5-80EF-4674-8678-1A39C5D27CD8}"
	ProjectSection(SolutionItems) = preProject
		Rakefile.rb = Rakefile.rb
		README.md = README.md
	EndProjectSection
EndProject
Global
	GlobalSection(SolutionConfigurationPlatforms) = preSolution
		Debug|Any CPU = Debug|Any CPU
		Release|Any CPU = Release|Any CPU
	EndGlobalSection
	GlobalSection(ProjectConfigurationPlatforms) = postSolution
		{459A7BB3-E4B3-4689-AA38-34C16E159BAE}.Debug|Any CPU.ActiveCfg = Debug|Any CPU
		{459A7BB3-E4B3-4689-AA38-34C16E159BAE}.Debug|Any CPU.Build.0 = Debug|Any CPU
		{459A7BB3-E4B3-4689-AA38-34C16E159BAE}.Release|Any CPU.ActiveCfg = Release|Any CPU
		{459A7BB3-E4B3-4689-AA38-34C16E159BAE}.Release|Any CPU.Build.0 = Release|Any CPU
	EndGlobalSection
	GlobalSection(SolutionProperties) = preSolution
		HideSolutionNode = FALSE
	EndGlobalSection
EndGlobal
